
Microsoft Visual Studio Solution File, Format Version 12.00
# Visual Studio Version 17
VisualStudioVersion = 17.0.32014.148
MinimumVisualStudioVersion = 10.0.40219.1
Project("{FAE04EC0-301F-11D3-BF4B-00C04F79EFBC}") = "Test", "Test.csproj", "{EC89768F-1E40-4818-9DCD-E78762D56094}"
EndProject
Global
	GlobalSection(SolutionConfigurationPlatforms) = preSolution
		Debug|Any CPU = Debug|Any CPU
		Release|Any CPU = Release|Any CPU
	EndGlobalSection
	GlobalSection(ProjectConfigurationPlatforms) = postSolution
		{EC89768F-1E40-4818-9DCD-E78762D56094}.Debug|Any CPU.ActiveCfg = Debug|Any CPU
		{EC89768F-1E40-4818-9DCD-E78762D56094}.Debug|Any CPU.Build.0 = Debug|Any CPU
		{EC89768F-1E40-4818-9DCD-E78762D56094}.Release|Any CPU.ActiveCfg = Release|Any CPU
		{EC89768F-1E40-4818-9DCD-E78762D56094}.Release|Any CPU.Build.0 = Release|Any CPU
	EndGlobalSection
	GlobalSection(SolutionProperties) = preSolution
		HideSolutionNode = FALSE
	EndGlobalSection
	GlobalSection(ExtensibilityGlobals) = postSolution
		SolutionGuid = {F799E1D3-03AF-4114-90FA-D6360ED41578}
	EndGlobalSection
EndGlobal
